
Microsoft Visual Studio Solution File, Format Version 12.00
# Visual Studio 15
VisualStudioVersion = 15.0.28307.421
MinimumVisualStudioVersion = 10.0.40219.1
Project("{FAE04EC0-301F-11D3-BF4B-00C04F79EFBC}") = "Podium.API", "Podium.API\Podium.API.csproj", "{216C2ED1-4EEF-43EF-A16C-87D0B7276DCB}"
EndProject
Global
	GlobalSection(SolutionConfigurationPlatforms) = preSolution
		Debug|Any CPU = Debug|Any CPU
		Release|Any CPU = Release|Any CPU
	EndGlobalSection
	GlobalSection(ProjectConfigurationPlatforms) = postSolution
		{216C2ED1-4EEF-43EF-A16C-87D0B7276DCB}.Debug|Any CPU.ActiveCfg = Debug|Any CPU
		{216C2ED1-4EEF-43EF-A16C-87D0B7276DCB}.Debug|Any CPU.Build.0 = Debug|Any CPU
		{216C2ED1-4EEF-43EF-A16C-87D0B7276DCB}.Release|Any CPU.ActiveCfg = Release|Any CPU
		{216C2ED1-4EEF-43EF-A16C-87D0B7276DCB}.Release|Any CPU.Build.0 = Release|Any CPU
	EndGlobalSection
	GlobalSection(SolutionProperties) = preSolution
		HideSolutionNode = FALSE
	EndGlobalSection
	GlobalSection(ExtensibilityGlobals) = postSolution
		SolutionGuid = {E6F589FB-9241-45D9-AB48-3B131A58ACAE}
	EndGlobalSection
EndGlobal
